
Microsoft Visual Studio Solution File, Format Version 12.00
# Visual Studio Version 17
VisualStudioVersion = 17.6.33712.159
MinimumVisualStudioVersion = 10.0.40219.1
Project("{FAE04EC0-301F-11D3-BF4B-00C04F79EFBC}") = "BasicThreadingLab", "BasicThreadingLab.csproj", "{097019FD-7D46-4C3C-9B61-74C965D5B013}"
EndProject
Global
	GlobalSection(SolutionConfigurationPlatforms) = preSolution
		Debug|Any CPU = Debug|Any CPU
		Release|Any CPU = Release|Any CPU
	EndGlobalSection
	GlobalSection(ProjectConfigurationPlatforms) = postSolution
		{097019FD-7D46-4C3C-9B61-74C965D5B013}.Debug|Any CPU.ActiveCfg = Debug|Any CPU
		{097019FD-7D46-4C3C-9B61-74C965D5B013}.Debug|Any CPU.Build.0 = Debug|Any CPU
		{097019FD-7D46-4C3C-9B61-74C965D5B013}.Release|Any CPU.ActiveCfg = Release|Any CPU
		{097019FD-7D46-4C3C-9B61-74C965D5B013}.Release|Any CPU.Build.0 = Release|Any CPU
	EndGlobalSection
	GlobalSection(SolutionProperties) = preSolution
		HideSolutionNode = FALSE
	EndGlobalSection
	GlobalSection(ExtensibilityGlobals) = postSolution
		SolutionGuid = {989038E2-BE8D-45FF-B0C4-A71274D8498D}
	EndGlobalSection
EndGlobal
